{
  "version": 4,
  "terraform_version": "0.12.29",
  "serial": 339,
  "lineage": "722672a9-cf9d-18ca-cfa4-d8d4c1ee3e5c",
  "outputs": {},
  "resources": [
    {
      "mode": "data",
      "type": "template_file",
      "name": "network_config",
      "provider": "provider.template",
      "instances": [
        {
          "schema_version": 0,
          "attributes": {
            "filename": null,
            "id": "b36a1372ce4ea68b514354202c26c0365df9a17f25cd5acdeeaea525cd913edc",
            "rendered": "version: 2\nethernets:\n  ens3:\n    dhcp4: true\n",
            "template": "version: 2\nethernets:\n  ens3:\n    dhcp4: true\n",
            "vars": null
          }
        }
      ]
    },
    {
      "mode": "data",
      "type": "template_file",
      "name": "user_data",
      "provider": "provider.template",
      "instances": [
        {
          "schema_version": 0,
          "attributes": {
            "filename": null,
            "id": "f0f24bbb35526f1475ef694548a6f79518eeceb629b5641590fd248e3d259c90",
            "rendered": "#cloud-config\nusers:\n  - default\n  - name: robert\n    groups: users\n    ssh_pwauth: True\n    ssh_authorized_keys:\n      - ssh-rsa AAAAB3NzaC1yc2EAAAADAQABAAABgQC2xGlUhmZlzeoDYA2FjtX1sK5dIoxNGeJesXdPMP1BYJ0dRRyRxiyGUGcEVp+e0K+gPYCHyBNDJisk8dMpObeDZBU7I95NIcCb6/fg62tFoTDudJzAvZN+a00qqrJncB9LRJV4zUN4h98iv3gr9IbglkLOe+ZocdD27P0kkI8a7ECZdeA2il1l7xgNr25DbvWr8M84hHJh641/ifQNoMt+JJMqSF4rUwlM7hvP0EASB5dP0uosnw3td0YvRKuyjV/JfOrJwKEULH9+ODVHMuZqy2NaE6FITpYXHAnbp30A10qNwL1QAVol5ADkefzuPtg0G7ZrpgPDDduc9jFPKdjcihcW4U0BZq6ahAr9Eh7mC/bng4yezPaWVsWTVZB5OLFzvBqwcVMwEfoIPYKZvxtuaoAQwMoeb47w238SXs3RKniLhfXKj00uFQmq0nZttXvTkQ0tsLsZPs3RzvHUs94l4pemRV9aKkKAdaT9+JBP5CZ5mJ02L0xdOSYDreslYyU= robert@melina\n    shell: /bin/bash\n    sudo:  ALL=(ALL) NOPASSWD:ALL\n   # passwd: test\n    lock_passwd: true\n\n#chpasswd:\n#  list: |\n#    root:password\n#    cloud-user:atomic\n#    robert:robert\n#  expire: False\n#",
            "template": "#cloud-config\nusers:\n  - default\n  - name: robert\n    groups: users\n    ssh_pwauth: True\n    ssh_authorized_keys:\n      - ssh-rsa AAAAB3NzaC1yc2EAAAADAQABAAABgQC2xGlUhmZlzeoDYA2FjtX1sK5dIoxNGeJesXdPMP1BYJ0dRRyRxiyGUGcEVp+e0K+gPYCHyBNDJisk8dMpObeDZBU7I95NIcCb6/fg62tFoTDudJzAvZN+a00qqrJncB9LRJV4zUN4h98iv3gr9IbglkLOe+ZocdD27P0kkI8a7ECZdeA2il1l7xgNr25DbvWr8M84hHJh641/ifQNoMt+JJMqSF4rUwlM7hvP0EASB5dP0uosnw3td0YvRKuyjV/JfOrJwKEULH9+ODVHMuZqy2NaE6FITpYXHAnbp30A10qNwL1QAVol5ADkefzuPtg0G7ZrpgPDDduc9jFPKdjcihcW4U0BZq6ahAr9Eh7mC/bng4yezPaWVsWTVZB5OLFzvBqwcVMwEfoIPYKZvxtuaoAQwMoeb47w238SXs3RKniLhfXKj00uFQmq0nZttXvTkQ0tsLsZPs3RzvHUs94l4pemRV9aKkKAdaT9+JBP5CZ5mJ02L0xdOSYDreslYyU= robert@melina\n    shell: /bin/bash\n    sudo:  ALL=(ALL) NOPASSWD:ALL\n   # passwd: test\n    lock_passwd: true\n\n#chpasswd:\n#  list: |\n#    root:password\n#    cloud-user:atomic\n#    robert:robert\n#  expire: False\n#",
            "vars": null
          }
        }
      ]
    },
    {
      "mode": "managed",
      "type": "libvirt_cloudinit_disk",
      "name": "commoninit",
      "provider": "provider.libvirt",
      "instances": [
        {
          "schema_version": 0,
          "attributes": {
            "id": "/data/terraform/volume-pools/ansible-master-pool/commoninit.iso;5fe45805-814f-a263-b77a-2e499079983f",
            "meta_data": "",
            "name": "commoninit.iso",
            "network_config": "version: 2\nethernets:\n  ens3:\n    dhcp4: true\n",
            "pool": "ansble_master",
            "user_data": "#cloud-config\nusers:\n  - default\n  - name: robert\n    groups: users\n    ssh_pwauth: True\n    ssh_authorized_keys:\n      - ssh-rsa AAAAB3NzaC1yc2EAAAADAQABAAABgQC2xGlUhmZlzeoDYA2FjtX1sK5dIoxNGeJesXdPMP1BYJ0dRRyRxiyGUGcEVp+e0K+gPYCHyBNDJisk8dMpObeDZBU7I95NIcCb6/fg62tFoTDudJzAvZN+a00qqrJncB9LRJV4zUN4h98iv3gr9IbglkLOe+ZocdD27P0kkI8a7ECZdeA2il1l7xgNr25DbvWr8M84hHJh641/ifQNoMt+JJMqSF4rUwlM7hvP0EASB5dP0uosnw3td0YvRKuyjV/JfOrJwKEULH9+ODVHMuZqy2NaE6FITpYXHAnbp30A10qNwL1QAVol5ADkefzuPtg0G7ZrpgPDDduc9jFPKdjcihcW4U0BZq6ahAr9Eh7mC/bng4yezPaWVsWTVZB5OLFzvBqwcVMwEfoIPYKZvxtuaoAQwMoeb47w238SXs3RKniLhfXKj00uFQmq0nZttXvTkQ0tsLsZPs3RzvHUs94l4pemRV9aKkKAdaT9+JBP5CZ5mJ02L0xdOSYDreslYyU= robert@melina\n    shell: /bin/bash\n    sudo:  ALL=(ALL) NOPASSWD:ALL\n   # passwd: test\n    lock_passwd: true\n\n#chpasswd:\n#  list: |\n#    root:password\n#    cloud-user:atomic\n#    robert:robert\n#  expire: False\n#"
          },
          "private": "bnVsbA==",
          "dependencies": [
            "libvirt_pool.ansible_master"
          ]
        }
      ]
    },
    {
      "mode": "managed",
      "type": "libvirt_domain",
      "name": "domain-ansible-master",
      "provider": "provider.libvirt",
      "instances": [
        {
          "schema_version": 0,
          "attributes": {
            "arch": "x86_64",
            "autostart": false,
            "boot_device": [],
            "cloudinit": "/data/terraform/volume-pools/ansible-master-pool/commoninit.iso;5fe45805-814f-a263-b77a-2e499079983f",
            "cmdline": null,
            "console": [
              {
                "source_host": "127.0.0.1",
                "source_path": "",
                "source_service": "0",
                "target_port": "0",
                "target_type": "serial",
                "type": "pty"
              },
              {
                "source_host": "127.0.0.1",
                "source_path": "",
                "source_service": "0",
                "target_port": "1",
                "target_type": "virtio",
                "type": "pty"
              }
            ],
            "coreos_ignition": null,
            "cpu": null,
            "description": "",
            "disk": [
              {
                "block_device": "",
                "file": "",
                "scsi": false,
                "url": "",
                "volume_id": "/data/terraform/volume-pools/ansible-master-pool/ansible-master-qcow2",
                "wwn": ""
              }
            ],
            "emulator": "/usr/bin/qemu-system-x86_64",
            "filesystem": [],
            "firmware": "",
            "fw_cfg_name": "opt/com.coreos/config",
            "graphics": [
              {
                "autoport": true,
                "listen_address": "127.0.0.1",
                "listen_type": "address",
                "type": "spice"
              }
            ],
            "id": "e85477dd-218f-4974-a124-053c9bf9a2f9",
            "initrd": "",
            "kernel": "",
            "machine": "ubuntu",
            "memory": 512,
            "metadata": null,
            "name": "ansible-master",
            "network_interface": [
              {
                "addresses": [
                  "192.168.123.2"
                ],
                "bridge": "",
                "hostname": "ansible-master",
                "mac": "52:54:00:1E:C9:D3",
                "macvtap": "",
                "network_id": "dddb985b-d94e-468b-9ca1-24a6d79b643f",
                "network_name": "an_net",
                "passthrough": "",
                "vepa": "",
                "wait_for_lease": true
              }
            ],
            "nvram": [],
            "qemu_agent": false,
            "running": true,
            "timeouts": null,
            "vcpu": 1,
            "video": [],
            "xml": []
          },
          "private": "eyJlMmJmYjczMC1lY2FhLTExZTYtOGY4OC0zNDM2M2JjN2M0YzAiOnsiY3JlYXRlIjozMDAwMDAwMDAwMDB9fQ==",
          "dependencies": [
            "libvirt_cloudinit_disk.commoninit",
            "libvirt_network.ansible_network",
            "libvirt_pool.ansible_master",
            "libvirt_volume.ansible-master-qcow2"
          ]
        }
      ]
    },
    {
      "mode": "managed",
      "type": "libvirt_domain",
      "name": "domain-ansible-slave",
      "provider": "provider.libvirt",
      "instances": [
        {
          "schema_version": 0,
          "attributes": {
            "arch": "x86_64",
            "autostart": false,
            "boot_device": [],
            "cloudinit": "/data/terraform/volume-pools/ansible-master-pool/commoninit.iso;5fe45805-814f-a263-b77a-2e499079983f",
            "cmdline": null,
            "console": [
              {
                "source_host": "127.0.0.1",
                "source_path": "",
                "source_service": "0",
                "target_port": "0",
                "target_type": "serial",
                "type": "pty"
              },
              {
                "source_host": "127.0.0.1",
                "source_path": "",
                "source_service": "0",
                "target_port": "1",
                "target_type": "virtio",
                "type": "pty"
              }
            ],
            "coreos_ignition": null,
            "cpu": null,
            "description": "",
            "disk": [
              {
                "block_device": "",
                "file": "",
                "scsi": false,
                "url": "",
                "volume_id": "/data/terraform/volume-pools/ansible-slave-pool/ansible-slave-qcow2",
                "wwn": ""
              }
            ],
            "emulator": "/usr/bin/qemu-system-x86_64",
            "filesystem": [],
            "firmware": "",
            "fw_cfg_name": "opt/com.coreos/config",
            "graphics": [
              {
                "autoport": true,
                "listen_address": "127.0.0.1",
                "listen_type": "address",
                "type": "spice"
              }
            ],
            "id": "3672984f-9dd6-4b62-b1bd-46e1f20ed2b1",
            "initrd": "",
            "kernel": "",
            "machine": "ubuntu",
            "memory": 512,
            "metadata": null,
            "name": "ansible-slave",
            "network_interface": [
              {
                "addresses": [
                  "192.168.123.3"
                ],
                "bridge": "",
                "hostname": "ansible-slave",
                "mac": "52:54:00:0E:EF:06",
                "macvtap": "",
                "network_id": "dddb985b-d94e-468b-9ca1-24a6d79b643f",
                "network_name": "an_net",
                "passthrough": "",
                "vepa": "",
                "wait_for_lease": true
              }
            ],
            "nvram": [],
            "qemu_agent": false,
            "running": true,
            "timeouts": null,
            "vcpu": 1,
            "video": [],
            "xml": []
          },
          "private": "eyJlMmJmYjczMC1lY2FhLTExZTYtOGY4OC0zNDM2M2JjN2M0YzAiOnsiY3JlYXRlIjozMDAwMDAwMDAwMDB9fQ==",
          "dependencies": [
            "libvirt_cloudinit_disk.commoninit",
            "libvirt_network.ansible_network",
            "libvirt_pool.ansible_master",
            "libvirt_pool.ubuntu",
            "libvirt_volume.ansible-slave-qcow2"
          ]
        }
      ]
    },
    {
      "mode": "managed",
      "type": "libvirt_network",
      "name": "ansible_network",
      "provider": "provider.libvirt",
      "instances": [
        {
          "schema_version": 0,
          "attributes": {
            "addresses": [
              "192.168.123.0/24"
            ],
            "autostart": false,
            "bridge": "virbr1",
            "dhcp": [],
            "dns": [
              {
                "enabled": true,
                "forwarders": [],
                "hosts": [],
                "local_only": false,
                "srvs": []
              }
            ],
            "domain": "ansible.local",
            "id": "dddb985b-d94e-468b-9ca1-24a6d79b643f",
            "mode": "nat",
            "mtu": null,
            "name": "an_net",
            "routes": [],
            "xml": []
          },
          "private": "bnVsbA=="
        }
      ]
    },
    {
      "mode": "managed",
      "type": "libvirt_pool",
      "name": "ansible_master",
      "provider": "provider.libvirt",
      "instances": [
        {
          "schema_version": 0,
          "attributes": {
            "allocation": 7322374144,
            "available": null,
            "capacity": 105147981824,
            "id": "c3263e40-1f6f-4689-af5c-e660d3349a20",
            "name": "ansble_master",
            "path": "/data/terraform/volume-pools/ansible-master-pool",
            "type": "dir",
            "xml": []
          },
          "private": "bnVsbA=="
        }
      ]
    },
    {
      "mode": "managed",
      "type": "libvirt_pool",
      "name": "ubuntu",
      "provider": "provider.libvirt",
      "instances": [
        {
          "schema_version": 0,
          "attributes": {
            "allocation": 7322378240,
            "available": null,
            "capacity": 105147981824,
            "id": "e4262f4d-2661-4c49-bc87-3c5dde27bd47",
            "name": "ansble_slave",
            "path": "/data/terraform/volume-pools/ansible-slave-pool",
            "type": "dir",
            "xml": []
          },
          "private": "bnVsbA=="
        }
      ]
    },
    {
      "mode": "managed",
      "type": "libvirt_volume",
      "name": "ansible-master-qcow2",
      "provider": "provider.libvirt",
      "instances": [
        {
          "schema_version": 0,
          "attributes": {
            "base_volume_id": null,
            "base_volume_name": null,
            "base_volume_pool": null,
            "format": "qcow2",
            "id": "/data/terraform/volume-pools/ansible-master-pool/ansible-master-qcow2",
            "name": "ansible-master-qcow2",
            "pool": "ansble_master",
            "size": 2361393152,
            "source": "https://cloud-images.ubuntu.com/releases/groovy/release/ubuntu-20.10-server-cloudimg-amd64-disk-kvm.img",
            "xml": []
          },
          "private": "bnVsbA==",
          "dependencies": [
            "libvirt_pool.ansible_master"
          ]
        }
      ]
    },
    {
      "mode": "managed",
      "type": "libvirt_volume",
      "name": "ansible-slave-qcow2",
      "provider": "provider.libvirt",
      "instances": [
        {
          "schema_version": 0,
          "attributes": {
            "base_volume_id": null,
            "base_volume_name": null,
            "base_volume_pool": null,
            "format": "qcow2",
            "id": "/data/terraform/volume-pools/ansible-slave-pool/ansible-slave-qcow2",
            "name": "ansible-slave-qcow2",
            "pool": "ansble_slave",
            "size": 2361393152,
            "source": "https://cloud-images.ubuntu.com/releases/groovy/release/ubuntu-20.10-server-cloudimg-amd64-disk-kvm.img",
            "xml": []
          },
          "private": "bnVsbA==",
          "dependencies": [
            "libvirt_pool.ubuntu"
          ]
        }
      ]
    }
  ]
}
