
Terraform used the selected providers to generate the following execution
plan. Resource actions are indicated with the following symbols:
  [32m+[0m create
[0m
Terraform will perform the following actions:

[1m  # module.ec2-deply.aws_ebs_volume.source[0m will be created[0m[0m
[0m  [32m+[0m[0m resource "aws_ebs_volume" "source" {
      [32m+[0m [0m[1m[0marn[0m[0m               = (known after apply)
      [32m+[0m [0m[1m[0mavailability_zone[0m[0m = "eu-central-1a"
      [32m+[0m [0m[1m[0mencrypted[0m[0m         = (known after apply)
      [32m+[0m [0m[1m[0mid[0m[0m                = (known after apply)
      [32m+[0m [0m[1m[0miops[0m[0m              = (known after apply)
      [32m+[0m [0m[1m[0mkms_key_id[0m[0m        = (known after apply)
      [32m+[0m [0m[1m[0msize[0m[0m              = 2
      [32m+[0m [0m[1m[0msnapshot_id[0m[0m       = (known after apply)
      [32m+[0m [0m[1m[0mtags_all[0m[0m          = (known after apply)
      [32m+[0m [0m[1m[0mthroughput[0m[0m        = (known after apply)
      [32m+[0m [0m[1m[0mtype[0m[0m              = (known after apply)
    }

[1m  # module.ec2-deply.aws_instance.base[0m will be created[0m[0m
[0m  [32m+[0m[0m resource "aws_instance" "base" {
      [32m+[0m [0m[1m[0mami[0m[0m                                  = "ami-0c956e207f9d113d5"
      [32m+[0m [0m[1m[0marn[0m[0m                                  = (known after apply)
      [32m+[0m [0m[1m[0massociate_public_ip_address[0m[0m          = (known after apply)
      [32m+[0m [0m[1m[0mavailability_zone[0m[0m                    = "eu-central-1a"
      [32m+[0m [0m[1m[0mcpu_core_count[0m[0m                       = (known after apply)
      [32m+[0m [0m[1m[0mcpu_threads_per_core[0m[0m                 = (known after apply)
      [32m+[0m [0m[1m[0mdisable_api_termination[0m[0m              = (known after apply)
      [32m+[0m [0m[1m[0mebs_optimized[0m[0m                        = (known after apply)
      [32m+[0m [0m[1m[0mget_password_data[0m[0m                    = false
      [32m+[0m [0m[1m[0mhost_id[0m[0m                              = (known after apply)
      [32m+[0m [0m[1m[0mid[0m[0m                                   = (known after apply)
      [32m+[0m [0m[1m[0minstance_initiated_shutdown_behavior[0m[0m = (known after apply)
      [32m+[0m [0m[1m[0minstance_state[0m[0m                       = (known after apply)
      [32m+[0m [0m[1m[0minstance_type[0m[0m                        = "t2.micro"
      [32m+[0m [0m[1m[0mipv6_address_count[0m[0m                   = (known after apply)
      [32m+[0m [0m[1m[0mipv6_addresses[0m[0m                       = (known after apply)
      [32m+[0m [0m[1m[0mkey_name[0m[0m                             = (known after apply)
      [32m+[0m [0m[1m[0mmonitoring[0m[0m                           = (known after apply)
      [32m+[0m [0m[1m[0moutpost_arn[0m[0m                          = (known after apply)
      [32m+[0m [0m[1m[0mpassword_data[0m[0m                        = (known after apply)
      [32m+[0m [0m[1m[0mplacement_group[0m[0m                      = (known after apply)
      [32m+[0m [0m[1m[0mplacement_partition_number[0m[0m           = (known after apply)
      [32m+[0m [0m[1m[0mprimary_network_interface_id[0m[0m         = (known after apply)
      [32m+[0m [0m[1m[0mprivate_dns[0m[0m                          = (known after apply)
      [32m+[0m [0m[1m[0mprivate_ip[0m[0m                           = (known after apply)
      [32m+[0m [0m[1m[0mpublic_dns[0m[0m                           = (known after apply)
      [32m+[0m [0m[1m[0mpublic_ip[0m[0m                            = (known after apply)
      [32m+[0m [0m[1m[0msecondary_private_ips[0m[0m                = (known after apply)
      [32m+[0m [0m[1m[0msecurity_groups[0m[0m                      = (known after apply)
      [32m+[0m [0m[1m[0msource_dest_check[0m[0m                    = true
      [32m+[0m [0m[1m[0msubnet_id[0m[0m                            = (known after apply)
      [32m+[0m [0m[1m[0mtags_all[0m[0m                             = (known after apply)
      [32m+[0m [0m[1m[0mtenancy[0m[0m                              = (known after apply)
      [32m+[0m [0m[1m[0muser_data[0m[0m                            = (known after apply)
      [32m+[0m [0m[1m[0muser_data_base64[0m[0m                     = (known after apply)
      [32m+[0m [0m[1m[0mvpc_security_group_ids[0m[0m               = (known after apply)

      [32m+[0m [0mcapacity_reservation_specification {
          [32m+[0m [0m[1m[0mcapacity_reservation_preference[0m[0m = (known after apply)

          [32m+[0m [0mcapacity_reservation_target {
              [32m+[0m [0m[1m[0mcapacity_reservation_id[0m[0m = (known after apply)
            }
        }

      [32m+[0m [0mebs_block_device {
          [32m+[0m [0m[1m[0mdelete_on_termination[0m[0m = (known after apply)
          [32m+[0m [0m[1m[0mdevice_name[0m[0m           = (known after apply)
          [32m+[0m [0m[1m[0mencrypted[0m[0m             = (known after apply)
          [32m+[0m [0m[1m[0miops[0m[0m                  = (known after apply)
          [32m+[0m [0m[1m[0mkms_key_id[0m[0m            = (known after apply)
          [32m+[0m [0m[1m[0msnapshot_id[0m[0m           = (known after apply)
          [32m+[0m [0m[1m[0mtags[0m[0m                  = (known after apply)
          [32m+[0m [0m[1m[0mthroughput[0m[0m            = (known after apply)
          [32m+[0m [0m[1m[0mvolume_id[0m[0m             = (known after apply)
          [32m+[0m [0m[1m[0mvolume_size[0m[0m           = (known after apply)
          [32m+[0m [0m[1m[0mvolume_type[0m[0m           = (known after apply)
        }

      [32m+[0m [0menclave_options {
          [32m+[0m [0m[1m[0menabled[0m[0m = (known after apply)
        }

      [32m+[0m [0mephemeral_block_device {
          [32m+[0m [0m[1m[0mdevice_name[0m[0m  = (known after apply)
          [32m+[0m [0m[1m[0mno_device[0m[0m    = (known after apply)
          [32m+[0m [0m[1m[0mvirtual_name[0m[0m = (known after apply)
        }

      [32m+[0m [0mmetadata_options {
          [32m+[0m [0m[1m[0mhttp_endpoint[0m[0m               = (known after apply)
          [32m+[0m [0m[1m[0mhttp_put_response_hop_limit[0m[0m = (known after apply)
          [32m+[0m [0m[1m[0mhttp_tokens[0m[0m                 = (known after apply)
          [32m+[0m [0m[1m[0minstance_metadata_tags[0m[0m      = (known after apply)
        }

      [32m+[0m [0mnetwork_interface {
          [32m+[0m [0m[1m[0mdelete_on_termination[0m[0m = (known after apply)
          [32m+[0m [0m[1m[0mdevice_index[0m[0m          = (known after apply)
          [32m+[0m [0m[1m[0mnetwork_interface_id[0m[0m  = (known after apply)
        }

      [32m+[0m [0mroot_block_device {
          [32m+[0m [0m[1m[0mdelete_on_termination[0m[0m = (known after apply)
          [32m+[0m [0m[1m[0mdevice_name[0m[0m           = (known after apply)
          [32m+[0m [0m[1m[0mencrypted[0m[0m             = (known after apply)
          [32m+[0m [0m[1m[0miops[0m[0m                  = (known after apply)
          [32m+[0m [0m[1m[0mkms_key_id[0m[0m            = (known after apply)
          [32m+[0m [0m[1m[0mtags[0m[0m                  = (known after apply)
          [32m+[0m [0m[1m[0mthroughput[0m[0m            = (known after apply)
          [32m+[0m [0m[1m[0mvolume_id[0m[0m             = (known after apply)
          [32m+[0m [0m[1m[0mvolume_size[0m[0m           = (known after apply)
          [32m+[0m [0m[1m[0mvolume_type[0m[0m           = (known after apply)
        }
    }

[1m  # module.ec2-deply.aws_key_pair.pub_key_jump[0m will be created[0m[0m
[0m  [32m+[0m[0m resource "aws_key_pair" "pub_key_jump" {
      [32m+[0m [0m[1m[0marn[0m[0m             = (known after apply)
      [32m+[0m [0m[1m[0mfingerprint[0m[0m     = (known after apply)
      [32m+[0m [0m[1m[0mid[0m[0m              = (known after apply)
      [32m+[0m [0m[1m[0mkey_name[0m[0m        = "pub_key_jump"
      [32m+[0m [0m[1m[0mkey_name_prefix[0m[0m = (known after apply)
      [32m+[0m [0m[1m[0mkey_pair_id[0m[0m     = (known after apply)
      [32m+[0m [0m[1m[0mpublic_key[0m[0m      = "ssh-rsa AAAAB3NzaC1yc2EAAAADAQABAAABgQDIxAN5kuLqNfJMqMtbbLKJqV2eJgPNi+ai4uQ1BHtrWQsm7y72FyqsWfUk7vKdd0nmC+0GNflVUlJzK2Hp5oYNIhxCme38joNOMAQAzFk22KJZgsVYbtJOERySLLl9LsZQC+dmVjjIMZs8SNmM0Brw0xXExzVRbyyFDLZk5J+g18y1DprzU/S6E4iLoH/S63Bf37oR+pqJz16X4DBG0WVTiCPYj9vT6lq0Ljt6rOzrF+03cvI7mzNmMappi8X49TrwVUuBTTWBgf9k/Sir1SquhQO3vB8k9jASiyeBl0ON+/N3RaJ7C7oTWCRpEhck80ODfPOvmoyONtnpDjegAfVDHCQNeEo/n4Z77zxu4r6JbZXs4/ZjE1Q1ieXpKTQy7ESSbsJUCB6uUVpECyGWoMa/s8QIh8DlRdwtEiyeAZY4ZuWQlnt0eSj7jdTKJTY9rMAvw7yyzxJfT3p34FJ/MUqrnFnojQs9VQbhQyVwvwrp9GCSsssWH9rtNxvtDI5YgiU="
      [32m+[0m [0m[1m[0mtags_all[0m[0m        = (known after apply)
    }

[1m  # module.ec2-deply.aws_security_group.allow_tls[0m will be created[0m[0m
[0m  [32m+[0m[0m resource "aws_security_group" "allow_tls" {
      [32m+[0m [0m[1m[0marn[0m[0m                    = (known after apply)
      [32m+[0m [0m[1m[0mdescription[0m[0m            = "Allow TLS inbound traffic"
      [32m+[0m [0m[1m[0megress[0m[0m                 = [
          [32m+[0m [0m{
              [32m+[0m [0mcidr_blocks      = [
                  [32m+[0m [0m"0.0.0.0/0",
                ]
              [32m+[0m [0mdescription      = ""
              [32m+[0m [0mfrom_port        = 443
              [32m+[0m [0mipv6_cidr_blocks = [
                  [32m+[0m [0m"::/0",
                ]
              [32m+[0m [0mprefix_list_ids  = []
              [32m+[0m [0mprotocol         = "tcp"
              [32m+[0m [0msecurity_groups  = []
              [32m+[0m [0mself             = false
              [32m+[0m [0mto_port          = 443
            },
        ]
      [32m+[0m [0m[1m[0mid[0m[0m                     = (known after apply)
      [32m+[0m [0m[1m[0mingress[0m[0m                = (known after apply)
      [32m+[0m [0m[1m[0mname[0m[0m                   = "allow_tls"
      [32m+[0m [0m[1m[0mname_prefix[0m[0m            = (known after apply)
      [32m+[0m [0m[1m[0mowner_id[0m[0m               = (known after apply)
      [32m+[0m [0m[1m[0mrevoke_rules_on_delete[0m[0m = false
      [32m+[0m [0m[1m[0mtags[0m[0m                   = {
          [32m+[0m [0m"Name" = "allow_tls"
        }
      [32m+[0m [0m[1m[0mtags_all[0m[0m               = {
          [32m+[0m [0m"Name" = "allow_tls"
        }
      [32m+[0m [0m[1m[0mvpc_id[0m[0m                 = (known after apply)
    }

[1m  # module.ec2-deply.aws_security_group.traffic_to_infra[0m will be created[0m[0m
[0m  [32m+[0m[0m resource "aws_security_group" "traffic_to_infra" {
      [32m+[0m [0m[1m[0marn[0m[0m                    = (known after apply)
      [32m+[0m [0m[1m[0mdescription[0m[0m            = "Allow ssh inbound traffic"
      [32m+[0m [0m[1m[0megress[0m[0m                 = (known after apply)
      [32m+[0m [0m[1m[0mid[0m[0m                     = (known after apply)
      [32m+[0m [0m[1m[0mingress[0m[0m                = [
          [32m+[0m [0m{
              [32m+[0m [0mcidr_blocks      = [
                  [32m+[0m [0m"0.0.0.0/0",
                ]
              [32m+[0m [0mdescription      = "ssh from VPC"
              [32m+[0m [0mfrom_port        = 22
              [32m+[0m [0mipv6_cidr_blocks = []
              [32m+[0m [0mprefix_list_ids  = []
              [32m+[0m [0mprotocol         = "tcp"
              [32m+[0m [0msecurity_groups  = []
              [32m+[0m [0mself             = false
              [32m+[0m [0mto_port          = 22
            },
        ]
      [32m+[0m [0m[1m[0mname[0m[0m                   = "traffic_to_infra"
      [32m+[0m [0m[1m[0mname_prefix[0m[0m            = (known after apply)
      [32m+[0m [0m[1m[0mowner_id[0m[0m               = (known after apply)
      [32m+[0m [0m[1m[0mrevoke_rules_on_delete[0m[0m = false
      [32m+[0m [0m[1m[0mtags[0m[0m                   = {
          [32m+[0m [0m"name" = "allow_ssh"
        }
      [32m+[0m [0m[1m[0mtags_all[0m[0m               = {
          [32m+[0m [0m"name" = "allow_ssh"
        }
      [32m+[0m [0m[1m[0mvpc_id[0m[0m                 = (known after apply)
    }

[1m  # module.ec2-deply.aws_volume_attachment.sorce_attachemnt[0m will be created[0m[0m
[0m  [32m+[0m[0m resource "aws_volume_attachment" "sorce_attachemnt" {
      [32m+[0m [0m[1m[0mdevice_name[0m[0m = "/dev/sdh"
      [32m+[0m [0m[1m[0mid[0m[0m          = (known after apply)
      [32m+[0m [0m[1m[0minstance_id[0m[0m = (known after apply)
      [32m+[0m [0m[1m[0mvolume_id[0m[0m   = (known after apply)
    }

[1m  # module.ec2-deply.null_resource.base_script[0m will be created[0m[0m
[0m  [32m+[0m[0m resource "null_resource" "base_script" {
      [32m+[0m [0m[1m[0mid[0m[0m = (known after apply)
    }

[0m[1mPlan:[0m 7 to add, 0 to change, 0 to destroy.
[0m[0m[1mmodule.ec2-deply.aws_ebs_volume.source: Creating...[0m[0m
[0m[1mmodule.ec2-deply.aws_key_pair.pub_key_jump: Creating...[0m[0m
[0m[1mmodule.ec2-deply.aws_security_group.traffic_to_infra: Creating...[0m[0m
[0m[1mmodule.ec2-deply.aws_security_group.allow_tls: Creating...[0m[0m
[0m[1mmodule.ec2-deply.aws_key_pair.pub_key_jump: Creation complete after 1s [id=pub_key_jump][0m
[0m[1mmodule.ec2-deply.aws_security_group.traffic_to_infra: Creation complete after 3s [id=sg-08551ce9143f7cbb8][0m
[0m[1mmodule.ec2-deply.aws_instance.base: Creating...[0m[0m
[0m[1mmodule.ec2-deply.aws_security_group.allow_tls: Creation complete after 4s [id=sg-0fee799c10e15abf0][0m
[0m[1mmodule.ec2-deply.aws_ebs_volume.source: Still creating... [10s elapsed][0m[0m
[0m[1mmodule.ec2-deply.aws_ebs_volume.source: Creation complete after 11s [id=vol-0955822950a5a6591][0m
[0m[1mmodule.ec2-deply.aws_instance.base: Still creating... [10s elapsed][0m[0m
[0m[1mmodule.ec2-deply.aws_instance.base: Still creating... [20s elapsed][0m[0m
[0m[1mmodule.ec2-deply.aws_instance.base: Still creating... [30s elapsed][0m[0m
[0m[1mmodule.ec2-deply.aws_instance.base: Still creating... [40s elapsed][0m[0m
[0m[1mmodule.ec2-deply.aws_instance.base: Creation complete after 44s [id=i-0cbf665a4ebcc6aec][0m
[0m[1mmodule.ec2-deply.aws_volume_attachment.sorce_attachemnt: Creating...[0m[0m
[0m[1mmodule.ec2-deply.aws_volume_attachment.sorce_attachemnt: Still creating... [10s elapsed][0m[0m
[0m[1mmodule.ec2-deply.aws_volume_attachment.sorce_attachemnt: Still creating... [20s elapsed][0m[0m
[0m[1mmodule.ec2-deply.aws_volume_attachment.sorce_attachemnt: Creation complete after 22s [id=vai-3481247403][0m
[0m[1mmodule.ec2-deply.null_resource.base_script: Creating...[0m[0m
[0m[1mmodule.ec2-deply.null_resource.base_script: Provisioning with 'file'...[0m[0m
[0m[1mmodule.ec2-deply.null_resource.base_script: Provisioning with 'remote-exec'...[0m[0m
[0m[1mmodule.ec2-deply.null_resource.base_script (remote-exec):[0m [0mConnecting to remote host via SSH...
[0m[1mmodule.ec2-deply.null_resource.base_script (remote-exec):[0m [0m  Host: 3.67.194.223
[0m[1mmodule.ec2-deply.null_resource.base_script (remote-exec):[0m [0m  User: ec2-user
[0m[1mmodule.ec2-deply.null_resource.base_script (remote-exec):[0m [0m  Password: false
[0m[1mmodule.ec2-deply.null_resource.base_script (remote-exec):[0m [0m  Private key: true
[0m[1mmodule.ec2-deply.null_resource.base_script (remote-exec):[0m [0m  Certificate: false
[0m[1mmodule.ec2-deply.null_resource.base_script (remote-exec):[0m [0m  SSH Agent: true
[0m[1mmodule.ec2-deply.null_resource.base_script (remote-exec):[0m [0m  Checking Host Key: false
[0m[1mmodule.ec2-deply.null_resource.base_script (remote-exec):[0m [0m  Target Platform: unix
[0m[1mmodule.ec2-deply.null_resource.base_script (remote-exec):[0m [0mConnected!
[0m[1mmodule.ec2-deply.null_resource.base_script (remote-exec):[0m [0mmke2fs 1.42.9 (28-Dec-2013)
[0m[1mmodule.ec2-deply.null_resource.base_script (remote-exec):[0m [0mFilesystem label=
[0m[1mmodule.ec2-deply.null_resource.base_script (remote-exec):[0m [0mOS type: Linux
[0m[1mmodule.ec2-deply.null_resource.base_script (remote-exec):[0m [0mBlock size=4096 (log=2)
[0m[1mmodule.ec2-deply.null_resource.base_script (remote-exec):[0m [0mFragment size=4096 (log=2)
[0m[1mmodule.ec2-deply.null_resource.base_script (remote-exec):[0m [0mStride=0 blocks, Stripe width=0 blocks
[0m[1mmodule.ec2-deply.null_resource.base_script (remote-exec):[0m [0m131072 inodes, 524288 blocks
[0m[1mmodule.ec2-deply.null_resource.base_script (remote-exec):[0m [0m26214 blocks (5.00%) reserved for the super user
[0m[1mmodule.ec2-deply.null_resource.base_script (remote-exec):[0m [0mFirst data block=0
[0m[1mmodule.ec2-deply.null_resource.base_script (remote-exec):[0m [0mMaximum filesystem blocks=536870912
[0m[1mmodule.ec2-deply.null_resource.base_script (remote-exec):[0m [0m16 block groups
[0m[1mmodule.ec2-deply.null_resource.base_script (remote-exec):[0m [0m32768 blocks per group, 32768 fragments per group
[0m[1mmodule.ec2-deply.null_resource.base_script (remote-exec):[0m [0m8192 inodes per group
[0m[1mmodule.ec2-deply.null_resource.base_script (remote-exec):[0m [0mSuperblock backups stored on blocks:
[0m[1mmodule.ec2-deply.null_resource.base_script (remote-exec):[0m [0m	32768, 98304, 163840, 229376, 294912

[0m[1mmodule.ec2-deply.null_resource.base_script (remote-exec):[0m [0mAllocating group tables:  0/16     done
[0m[1mmodule.ec2-deply.null_resource.base_script (remote-exec):[0m [0mWriting inode tables:  0/16     done
[0m[1mmodule.ec2-deply.null_resource.base_script (remote-exec):[0m [0mCreating journal (16384 blocks): done
[0m[1mmodule.ec2-deply.null_resource.base_script (remote-exec):[0m [0mWriting superblocks and filesystem accounting information:  0/16     
[0m[1mmodule.ec2-deply.null_resource.base_script (remote-exec):[0m [0mdone

[0m[1mmodule.ec2-deply.null_resource.base_script (remote-exec):[0m [0mhello from ebs
[0m[1mmodule.ec2-deply.null_resource.base_script (remote-exec):[0m [0m/dev/xvdh /media/ebs/ ext4    defaults        0 0
[0m[1mmodule.ec2-deply.null_resource.base_script: Creation complete after 4s [id=989006077144426493][0m
[0m[1m[32m
Apply complete! Resources: 7 added, 0 changed, 0 destroyed.
[0m